
Microsoft Visual Studio Solution File, Format Version 12.00
# Visual Studio 15
VisualStudioVersion = 15.0.28010.2041
MinimumVisualStudioVersion = 10.0.40219.1
Project("{FAE04EC0-301F-11D3-BF4B-00C04F79EFBC}") = "App01_ConsultarCEP.Android", "App01_ConsultarCEP\App01_ConsultarCEP.Android\App01_ConsultarCEP.Android.csproj", "{AB24FA97-4FB0-403B-BC60-2E0140A76F0C}"
EndProject
Project("{FAE04EC0-301F-11D3-BF4B-00C04F79EFBC}") = "App01_ConsultarCEP.iOS", "App01_ConsultarCEP\App01_ConsultarCEP.iOS\App01_ConsultarCEP.iOS.csproj", "{6DCD3F73-E28F-4A1D-942D-8F3A10D7D592}"
EndProject
Project("{FAE04EC0-301F-11D3-BF4B-00C04F79EFBC}") = "App01_ConsultarCEP", "App01_ConsultarCEP\App01_ConsultarCEP\App01_ConsultarCEP.csproj", "{FCE3E14F-17F6-4755-BFE2-E1451EC3BC4D}"
EndProject
Global
	GlobalSection(SolutionConfigurationPlatforms) = preSolution
		Ad-Hoc|Any CPU = Ad-Hoc|Any CPU
		Ad-Hoc|iPhone = Ad-Hoc|iPhone
		Ad-Hoc|iPhoneSimulator = Ad-Hoc|iPhoneSimulator
		AppStore|Any CPU = AppStore|Any CPU
		AppStore|iPhone = AppStore|iPhone
		AppStore|iPhoneSimulator = AppStore|iPhoneSimulator
		Debug|Any CPU = Debug|Any CPU
		Debug|iPhone = Debug|iPhone
		Debug|iPhoneSimulator = Debug|iPhoneSimulator
		Release|Any CPU = Release|Any CPU
		Release|iPhone = Release|iPhone
		Release|iPhoneSimulator = Release|iPhoneSimulator
	EndGlobalSection
	GlobalSection(ProjectConfigurationPlatforms) = postSolution
		{AB24FA97-4FB0-403B-BC60-2E0140A76F0C}.Ad-Hoc|Any CPU.ActiveCfg = Release|Any CPU
		{AB24FA97-4FB0-403B-BC60-2E0140A76F0C}.Ad-Hoc|Any CPU.Build.0 = Release|Any CPU
		{AB24FA97-4FB0-403B-BC60-2E0140A76F0C}.Ad-Hoc|Any CPU.Deploy.0 = Release|Any CPU
		{AB24FA97-4FB0-403B-BC60-2E0140A76F0C}.Ad-Hoc|iPhone.ActiveCfg = Release|Any CPU
		{AB24FA97-4FB0-403B-BC60-2E0140A76F0C}.Ad-Hoc|iPhone.Build.0 = Release|Any CPU
		{AB24FA97-4FB0-403B-BC60-2E0140A76F0C}.Ad-Hoc|iPhone.Deploy.0 = Release|Any CPU
		{AB24FA97-4FB0-403B-BC60-2E0140A76F0C}.Ad-Hoc|iPhoneSimulator.ActiveCfg = Release|Any CPU
		{AB24FA97-4FB0-403B-BC60-2E0140A76F0C}.Ad-Hoc|iPhoneSimulator.Build.0 = Release|Any CPU
		{AB24FA97-4FB0-403B-BC60-2E0140A76F0C}.Ad-Hoc|iPhoneSimulator.Deploy.0 = Release|Any CPU
		{AB24FA97-4FB0-403B-BC60-2E0140A76F0C}.AppStore|Any CPU.ActiveCfg = Release|Any CPU
		{AB24FA97-4FB0-403B-BC60-2E0140A76F0C}.AppStore|Any CPU.Build.0 = Release|Any CPU
		{AB24FA97-4FB0-403B-BC60-2E0140A76F0C}.AppStore|Any CPU.Deploy.0 = Release|Any CPU
		{AB24FA97-4FB0-403B-BC60-2E0140A76F0C}.AppStore|iPhone.ActiveCfg = Release|Any CPU
		{AB24FA97-4FB0-403B-BC60-2E0140A76F0C}.AppStore|iPhone.Build.0 = Release|Any CPU
		{AB24FA97-4FB0-403B-BC60-2E0140A76F0C}.AppStore|iPhone.Deploy.0 = Release|Any CPU
		{AB24FA97-4FB0-403B-BC60-2E0140A76F0C}.AppStore|iPhoneSimulator.ActiveCfg = Release|Any CPU
		{AB24FA97-4FB0-403B-BC60-2E0140A76F0C}.AppStore|iPhoneSimulator.Build.0 = Release|Any CPU
		{AB24FA97-4FB0-403B-BC60-2E0140A76F0C}.AppStore|iPhoneSimulator.Deploy.0 = Release|Any CPU
		{AB24FA97-4FB0-403B-BC60-2E0140A76F0C}.Debug|Any CPU.ActiveCfg = Debug|Any CPU
		{AB24FA97-4FB0-403B-BC60-2E0140A76F0C}.Debug|Any CPU.Build.0 = Debug|Any CPU
		{AB24FA97-4FB0-403B-BC60-2E0140A76F0C}.Debug|Any CPU.Deploy.0 = Debug|Any CPU
		{AB24FA97-4FB0-403B-BC60-2E0140A76F0C}.Debug|iPhone.ActiveCfg = Debug|Any CPU
		{AB24FA97-4FB0-403B-BC60-2E0140A76F0C}.Debug|iPhone.Build.0 = Debug|Any CPU
		{AB24FA97-4FB0-403B-BC60-2E0140A76F0C}.Debug|iPhone.Deploy.0 = Debug|Any CPU
		{AB24FA97-4FB0-403B-BC60-2E0140A76F0C}.Debug|iPhoneSimulator.ActiveCfg = Debug|Any CPU
		{AB24FA97-4FB0-403B-BC60-2E0140A76F0C}.Debug|iPhoneSimulator.Build.0 = Debug|Any CPU
		{AB24FA97-4FB0-403B-BC60-2E0140A76F0C}.Debug|iPhoneSimulator.Deploy.0 = Debug|Any CPU
		{AB24FA97-4FB0-403B-BC60-2E0140A76F0C}.Release|Any CPU.ActiveCfg = Release|Any CPU
		{AB24FA97-4FB0-403B-BC60-2E0140A76F0C}.Release|Any CPU.Build.0 = Release|Any CPU
		{AB24FA97-4FB0-403B-BC60-2E0140A76F0C}.Release|Any CPU.Deploy.0 = Release|Any CPU
		{AB24FA97-4FB0-403B-BC60-2E0140A76F0C}.Release|iPhone.ActiveCfg = Release|Any CPU
		{AB24FA97-4FB0-403B-BC60-2E0140A76F0C}.Release|iPhone.Build.0 = Release|Any CPU
		{AB24FA97-4FB0-403B-BC60-2E0140A76F0C}.Release|iPhone.Deploy.0 = Release|Any CPU
		{AB24FA97-4FB0-403B-BC60-2E0140A76F0C}.Release|iPhoneSimulator.ActiveCfg = Release|Any CPU
		{AB24FA97-4FB0-403B-BC60-2E0140A76F0C}.Release|iPhoneSimulator.Build.0 = Release|Any CPU
		{AB24FA97-4FB0-403B-BC60-2E0140A76F0C}.Release|iPhoneSimulator.Deploy.0 = Release|Any CPU
		{6DCD3F73-E28F-4A1D-942D-8F3A10D7D592}.Ad-Hoc|Any CPU.ActiveCfg = Ad-Hoc|iPhone
		{6DCD3F73-E28F-4A1D-942D-8F3A10D7D592}.Ad-Hoc|Any CPU.Build.0 = Ad-Hoc|iPhone
		{6DCD3F73-E28F-4A1D-942D-8F3A10D7D592}.Ad-Hoc|Any CPU.Deploy.0 = Ad-Hoc|iPhone
		{6DCD3F73-E28F-4A1D-942D-8F3A10D7D592}.Ad-Hoc|iPhone.ActiveCfg = Ad-Hoc|iPhone
		{6DCD3F73-E28F-4A1D-942D-8F3A10D7D592}.Ad-Hoc|iPhone.Build.0 = Ad-Hoc|iPhone
		{6DCD3F73-E28F-4A1D-942D-8F3A10D7D592}.Ad-Hoc|iPhone.Deploy.0 = Ad-Hoc|iPhone
		{6DCD3F73-E28F-4A1D-942D-8F3A10D7D592}.Ad-Hoc|iPhoneSimulator.ActiveCfg = Ad-Hoc|iPhoneSimulator
		{6DCD3F73-E28F-4A1D-942D-8F3A10D7D592}.Ad-Hoc|iPhoneSimulator.Build.0 = Ad-Hoc|iPhoneSimulator
		{6DCD3F73-E28F-4A1D-942D-8F3A10D7D592}.Ad-Hoc|iPhoneSimulator.Deploy.0 = Ad-Hoc|iPhoneSimulator
		{6DCD3F73-E28F-4A1D-942D-8F3A10D7D592}.AppStore|Any CPU.ActiveCfg = AppStore|iPhone
		{6DCD3F73-E28F-4A1D-942D-8F3A10D7D592}.AppStore|Any CPU.Build.0 = AppStore|iPhone
		{6DCD3F73-E28F-4A1D-942D-8F3A10D7D592}.AppStore|Any CPU.Deploy.0 = AppStore|iPhone
		{6DCD3F73-E28F-4A1D-942D-8F3A10D7D592}.AppStore|iPhone.ActiveCfg = AppStore|iPhone
		{6DCD3F73-E28F-4A1D-942D-8F3A10D7D592}.AppStore|iPhone.Build.0 = AppStore|iPhone
		{6DCD3F73-E28F-4A1D-942D-8F3A10D7D592}.AppStore|iPhone.Deploy.0 = AppStore|iPhone
		{6DCD3F73-E28F-4A1D-942D-8F3A10D7D592}.AppStore|iPhoneSimulator.ActiveCfg = AppStore|iPhoneSimulator
		{6DCD3F73-E28F-4A1D-942D-8F3A10D7D592}.AppStore|iPhoneSimulator.Build.0 = AppStore|iPhoneSimulator
		{6DCD3F73-E28F-4A1D-942D-8F3A10D7D592}.AppStore|iPhoneSimulator.Deploy.0 = AppStore|iPhoneSimulator
		{6DCD3F73-E28F-4A1D-942D-8F3A10D7D592}.Debug|Any CPU.ActiveCfg = Debug|iPhoneSimulator
		{6DCD3F73-E28F-4A1D-942D-8F3A10D7D592}.Debug|Any CPU.Build.0 = Debug|iPhoneSimulator
		{6DCD3F73-E28F-4A1D-942D-8F3A10D7D592}.Debug|Any CPU.Deploy.0 = Debug|iPhoneSimulator
		{6DCD3F73-E28F-4A1D-942D-8F3A10D7D592}.Debug|iPhone.ActiveCfg = Debug|iPhone
		{6DCD3F73-E28F-4A1D-942D-8F3A10D7D592}.Debug|iPhone.Build.0 = Debug|iPhone
		{6DCD3F73-E28F-4A1D-942D-8F3A10D7D592}.Debug|iPhone.Deploy.0 = Debug|iPhone
		{6DCD3F73-E28F-4A1D-942D-8F3A10D7D592}.Debug|iPhoneSimulator.ActiveCfg = Debug|iPhoneSimulator
		{6DCD3F73-E28F-4A1D-942D-8F3A10D7D592}.Debug|iPhoneSimulator.Build.0 = Debug|iPhoneSimulator
		{6DCD3F73-E28F-4A1D-942D-8F3A10D7D592}.Debug|iPhoneSimulator.Deploy.0 = Debug|iPhoneSimulator
		{6DCD3F73-E28F-4A1D-942D-8F3A10D7D592}.Release|Any CPU.ActiveCfg = Release|iPhone
		{6DCD3F73-E28F-4A1D-942D-8F3A10D7D592}.Release|Any CPU.Build.0 = Release|iPhone
		{6DCD3F73-E28F-4A1D-942D-8F3A10D7D592}.Release|Any CPU.Deploy.0 = Release|iPhone
		{6DCD3F73-E28F-4A1D-942D-8F3A10D7D592}.Release|iPhone.ActiveCfg = Release|iPhone
		{6DCD3F73-E28F-4A1D-942D-8F3A10D7D592}.Release|iPhone.Build.0 = Release|iPhone
		{6DCD3F73-E28F-4A1D-942D-8F3A10D7D592}.Release|iPhone.Deploy.0 = Release|iPhone
		{6DCD3F73-E28F-4A1D-942D-8F3A10D7D592}.Release|iPhoneSimulator.ActiveCfg = Release|iPhoneSimulator
		{6DCD3F73-E28F-4A1D-942D-8F3A10D7D592}.Release|iPhoneSimulator.Build.0 = Release|iPhoneSimulator
		{6DCD3F73-E28F-4A1D-942D-8F3A10D7D592}.Release|iPhoneSimulator.Deploy.0 = Release|iPhoneSimulator
		{FCE3E14F-17F6-4755-BFE2-E1451EC3BC4D}.Ad-Hoc|Any CPU.ActiveCfg = Debug|Any CPU
		{FCE3E14F-17F6-4755-BFE2-E1451EC3BC4D}.Ad-Hoc|Any CPU.Build.0 = Debug|Any CPU
		{FCE3E14F-17F6-4755-BFE2-E1451EC3BC4D}.Ad-Hoc|Any CPU.Deploy.0 = Debug|Any CPU
		{FCE3E14F-17F6-4755-BFE2-E1451EC3BC4D}.Ad-Hoc|iPhone.ActiveCfg = Debug|Any CPU
		{FCE3E14F-17F6-4755-BFE2-E1451EC3BC4D}.Ad-Hoc|iPhone.Build.0 = Debug|Any CPU
		{FCE3E14F-17F6-4755-BFE2-E1451EC3BC4D}.Ad-Hoc|iPhone.Deploy.0 = Debug|Any CPU
		{FCE3E14F-17F6-4755-BFE2-E1451EC3BC4D}.Ad-Hoc|iPhoneSimulator.ActiveCfg = Debug|Any CPU
		{FCE3E14F-17F6-4755-BFE2-E1451EC3BC4D}.Ad-Hoc|iPhoneSimulator.Build.0 = Debug|Any CPU
		{FCE3E14F-17F6-4755-BFE2-E1451EC3BC4D}.Ad-Hoc|iPhoneSimulator.Deploy.0 = Debug|Any CPU
		{FCE3E14F-17F6-4755-BFE2-E1451EC3BC4D}.AppStore|Any CPU.ActiveCfg = Debug|Any CPU
		{FCE3E14F-17F6-4755-BFE2-E1451EC3BC4D}.AppStore|Any CPU.Build.0 = Debug|Any CPU
		{FCE3E14F-17F6-4755-BFE2-E1451EC3BC4D}.AppStore|Any CPU.Deploy.0 = Debug|Any CPU
		{FCE3E14F-17F6-4755-BFE2-E1451EC3BC4D}.AppStore|iPhone.ActiveCfg = Debug|Any CPU
		{FCE3E14F-17F6-4755-BFE2-E1451EC3BC4D}.AppStore|iPhone.Build.0 = Debug|Any CPU
		{FCE3E14F-17F6-4755-BFE2-E1451EC3BC4D}.AppStore|iPhone.Deploy.0 = Debug|Any CPU
		{FCE3E14F-17F6-4755-BFE2-E1451EC3BC4D}.AppStore|iPhoneSimulator.ActiveCfg = Debug|Any CPU
		{FCE3E14F-17F6-4755-BFE2-E1451EC3BC4D}.AppStore|iPhoneSimulator.Build.0 = Debug|Any CPU
		{FCE3E14F-17F6-4755-BFE2-E1451EC3BC4D}.AppStore|iPhoneSimulator.Deploy.0 = Debug|Any CPU
		{FCE3E14F-17F6-4755-BFE2-E1451EC3BC4D}.Debug|Any CPU.ActiveCfg = Debug|Any CPU
		{FCE3E14F-17F6-4755-BFE2-E1451EC3BC4D}.Debug|Any CPU.Build.0 = Debug|Any CPU
		{FCE3E14F-17F6-4755-BFE2-E1451EC3BC4D}.Debug|Any CPU.Deploy.0 = Debug|Any CPU
		{FCE3E14F-17F6-4755-BFE2-E1451EC3BC4D}.Debug|iPhone.ActiveCfg = Debug|Any CPU
		{FCE3E14F-17F6-4755-BFE2-E1451EC3BC4D}.Debug|iPhone.Build.0 = Debug|Any CPU
		{FCE3E14F-17F6-4755-BFE2-E1451EC3BC4D}.Debug|iPhone.Deploy.0 = Debug|Any CPU
		{FCE3E14F-17F6-4755-BFE2-E1451EC3BC4D}.Debug|iPhoneSimulator.ActiveCfg = Debug|Any CPU
		{FCE3E14F-17F6-4755-BFE2-E1451EC3BC4D}.Debug|iPhoneSimulator.Build.0 = Debug|Any CPU
		{FCE3E14F-17F6-4755-BFE2-E1451EC3BC4D}.Debug|iPhoneSimulator.Deploy.0 = Debug|Any CPU
		{FCE3E14F-17F6-4755-BFE2-E1451EC3BC4D}.Release|Any CPU.ActiveCfg = Release|Any CPU
		{FCE3E14F-17F6-4755-BFE2-E1451EC3BC4D}.Release|Any CPU.Build.0 = Release|Any CPU
		{FCE3E14F-17F6-4755-BFE2-E1451EC3BC4D}.Release|Any CPU.Deploy.0 = Release|Any CPU
		{FCE3E14F-17F6-4755-BFE2-E1451EC3BC4D}.Release|iPhone.ActiveCfg = Release|Any CPU
		{FCE3E14F-17F6-4755-BFE2-E1451EC3BC4D}.Release|iPhone.Build.0 = Release|Any CPU
		{FCE3E14F-17F6-4755-BFE2-E1451EC3BC4D}.Release|iPhone.Deploy.0 = Release|Any CPU
		{FCE3E14F-17F6-4755-BFE2-E1451EC3BC4D}.Release|iPhoneSimulator.ActiveCfg = Release|Any CPU
		{FCE3E14F-17F6-4755-BFE2-E1451EC3BC4D}.Release|iPhoneSimulator.Build.0 = Release|Any CPU
		{FCE3E14F-17F6-4755-BFE2-E1451EC3BC4D}.Release|iPhoneSimulator.Deploy.0 = Release|Any CPU
	EndGlobalSection
	GlobalSection(SolutionProperties) = preSolution
		HideSolutionNode = FALSE
	EndGlobalSection
	GlobalSection(ExtensibilityGlobals) = postSolution
		SolutionGuid = {B974A068-B1FD-485B-8EBE-5A807AC91292}
	EndGlobalSection
EndGlobal
